
Microsoft Visual Studio Solution File, Format Version 12.00
# Visual Studio 14
VisualStudioVersion = 14.0.25420.1
MinimumVisualStudioVersion = 10.0.40219.1
Project("{FAE04EC0-301F-11D3-BF4B-00C04F79EFBC}") = "challengeSimpleDarts", "challengeSimpleDarts\challengeSimpleDarts.csproj", "{68BFE904-B021-4C81-8644-7A5F83B0DFE4}"
EndProject
Project("{FAE04EC0-301F-11D3-BF4B-00C04F79EFBC}") = "Darts", "Darts\Darts.csproj", "{D5F0C989-5478-4451-AF67-3007D9A524D1}"
EndProject
Global
	GlobalSection(SolutionConfigurationPlatforms) = preSolution
		Debug|Any CPU = Debug|Any CPU
		Release|Any CPU = Release|Any CPU
	EndGlobalSection
	GlobalSection(ProjectConfigurationPlatforms) = postSolution
		{68BFE904-B021-4C81-8644-7A5F83B0DFE4}.Debug|Any CPU.ActiveCfg = Debug|Any CPU
		{68BFE904-B021-4C81-8644-7A5F83B0DFE4}.Debug|Any CPU.Build.0 = Debug|Any CPU
		{68BFE904-B021-4C81-8644-7A5F83B0DFE4}.Release|Any CPU.ActiveCfg = Release|Any CPU
		{68BFE904-B021-4C81-8644-7A5F83B0DFE4}.Release|Any CPU.Build.0 = Release|Any CPU
		{D5F0C989-5478-4451-AF67-3007D9A524D1}.Debug|Any CPU.ActiveCfg = Debug|Any CPU
		{D5F0C989-5478-4451-AF67-3007D9A524D1}.Debug|Any CPU.Build.0 = Debug|Any CPU
		{D5F0C989-5478-4451-AF67-3007D9A524D1}.Release|Any CPU.ActiveCfg = Release|Any CPU
		{D5F0C989-5478-4451-AF67-3007D9A524D1}.Release|Any CPU.Build.0 = Release|Any CPU
	EndGlobalSection
	GlobalSection(SolutionProperties) = preSolution
		HideSolutionNode = FALSE
	EndGlobalSection
EndGlobal
